// !$*UTF8*$!
{
	archiveVersion = 1;
	classes = {
	};
	objectVersion = 60;
	objects = {

/* Begin PBXBuildFile section */
		B4AFB1FF8301E9F375BBFA9F /* Pods_hybridFluttercardInSwift.framework in Frameworks */ = {isa = PBXBuildFile; fileRef = 180714576A625778806EA08C /* Pods_hybridFluttercardInSwift.framework */; };
		BAD4EC172D31325F00BA242E /* SwiftuiShowcaseVC.swift in Sources */ = {isa = PBXBuildFile; fileRef = BAD4EC162D31325F00BA242E /* SwiftuiShowcaseVC.swift */; };
		BAD4EC322D3132FB00BA242E /* FetchData.swift in Sources */ = {isa = PBXBuildFile; fileRef = BAD4EC192D3132FB00BA242E /* FetchData.swift */; };
		BAD4EC332D3132FB00BA242E /* CrashAnrView.swift in Sources */ = {isa = PBXBuildFile; fileRef = BAD4EC1B2D3132FB00BA242E /* CrashAnrView.swift */; };
		BAD4EC342D3132FB00BA242E /* CustomComponentView.swift in Sources */ = {isa = PBXBuildFile; fileRef = BAD4EC1D2D3132FB00BA242E /* CustomComponentView.swift */; };
		BAD4EC352D3132FB00BA242E /* CustomAttribute.swift in Sources */ = {isa = PBXBuildFile; fileRef = BAD4EC1F2D3132FB00BA242E /* CustomAttribute.swift */; };
		BAD4EC362D3132FB00BA242E /* CustomPopupView.swift in Sources */ = {isa = PBXBuildFile; fileRef = BAD4EC212D3132FB00BA242E /* CustomPopupView.swift */; };
		BAD4EC372D3132FB00BA242E /* DayInfoRow.swift in Sources */ = {isa = PBXBuildFile; fileRef = BAD4EC232D3132FB00BA242E /* DayInfoRow.swift */; };
		BAD4EC382D3132FB00BA242E /* DayList.swift in Sources */ = {isa = PBXBuildFile; fileRef = BAD4EC242D3132FB00BA242E /* DayList.swift */; };
		BAD4EC392D3132FB00BA242E /* DayListViewModel.swift in Sources */ = {isa = PBXBuildFile; fileRef = BAD4EC252D3132FB00BA242E /* DayListViewModel.swift */; };
		BAD4EC3A2D3132FB00BA242E /* DetailView.swift in Sources */ = {isa = PBXBuildFile; fileRef = BAD4EC272D3132FB00BA242E /* DetailView.swift */; };
		BAD4EC3B2D3132FB00BA242E /* CustomGestureView.swift in Sources */ = {isa = PBXBuildFile; fileRef = BAD4EC292D3132FB00BA242E /* CustomGestureView.swift */; };
		BAD4EC3C2D3132FB00BA242E /* GroceryListView.swift in Sources */ = {isa = PBXBuildFile; fileRef = BAD4EC2B2D3132FB00BA242E /* GroceryListView.swift */; };
		BAD4EC3D2D3132FB00BA242E /* MainView.swift in Sources */ = {isa = PBXBuildFile; fileRef = BAD4EC2D2D3132FB00BA242E /* MainView.swift */; };
		BAD4EC3E2D3132FB00BA242E /* MainViewVM.swift in Sources */ = {isa = PBXBuildFile; fileRef = BAD4EC2E2D3132FB00BA242E /* MainViewVM.swift */; };
		BAD4EC3F2D3132FB00BA242E /* ViewModelProtocol.swift in Sources */ = {isa = PBXBuildFile; fileRef = BAD4EC302D3132FB00BA242E /* ViewModelProtocol.swift */; };
		BAE034522D0C0F76008B7DD2 /* AppDelegate.swift in Sources */ = {isa = PBXBuildFile; fileRef = BAE034512D0C0F76008B7DD2 /* AppDelegate.swift */; };
		BAE034542D0C0F76008B7DD2 /* SceneDelegate.swift in Sources */ = {isa = PBXBuildFile; fileRef = BAE034532D0C0F76008B7DD2 /* SceneDelegate.swift */; };
		BAE034562D0C0F76008B7DD2 /* ViewController.swift in Sources */ = {isa = PBXBuildFile; fileRef = BAE034552D0C0F76008B7DD2 /* ViewController.swift */; };
		BAE034592D0C0F77008B7DD2 /* Base in Resources */ = {isa = PBXBuildFile; fileRef = BAE034582D0C0F77008B7DD2 /* Base */; };
		BAE0345B2D0C0F78008B7DD2 /* Assets.xcassets in Resources */ = {isa = PBXBuildFile; fileRef = BAE0345A2D0C0F78008B7DD2 /* Assets.xcassets */; };
		BAE0345E2D0C0F78008B7DD2 /* Base in Resources */ = {isa = PBXBuildFile; fileRef = BAE0345D2D0C0F78008B7DD2 /* Base */; };
		BAE034662D0C1015008B7DD2 /* SwitCardController.swift in Sources */ = {isa = PBXBuildFile; fileRef = BAE034652D0C1015008B7DD2 /* SwitCardController.swift */; };
		BAE034702D0C153A008B7DD2 /* FlutterManager.swift in Sources */ = {isa = PBXBuildFile; fileRef = BAE0346F2D0C153A008B7DD2 /* FlutterManager.swift */; };
/* End PBXBuildFile section */

/* Begin PBXFileReference section */
		180714576A625778806EA08C /* Pods_hybridFluttercardInSwift.framework */ = {isa = PBXFileReference; explicitFileType = wrapper.framework; includeInIndex = 0; path = Pods_hybridFluttercardInSwift.framework; sourceTree = BUILT_PRODUCTS_DIR; };
		A93B7E4215F61C2238F3AB59 /* Pods-hybridFluttercardInSwift.release.xcconfig */ = {isa = PBXFileReference; includeInIndex = 1; lastKnownFileType = text.xcconfig; name = "Pods-hybridFluttercardInSwift.release.xcconfig"; path = "Target Support Files/Pods-hybridFluttercardInSwift/Pods-hybridFluttercardInSwift.release.xcconfig"; sourceTree = "<group>"; };
		BAD4EC162D31325F00BA242E /* SwiftuiShowcaseVC.swift */ = {isa = PBXFileReference; lastKnownFileType = sourcecode.swift; path = SwiftuiShowcaseVC.swift; sourceTree = "<group>"; };
		BAD4EC192D3132FB00BA242E /* FetchData.swift */ = {isa = PBXFileReference; fileEncoding = 4; lastKnownFileType = sourcecode.swift; path = FetchData.swift; sourceTree = "<group>"; };
		BAD4EC1B2D3132FB00BA242E /* CrashAnrView.swift */ = {isa = PBXFileReference; fileEncoding = 4; lastKnownFileType = sourcecode.swift; path = CrashAnrView.swift; sourceTree = "<group>"; };
		BAD4EC1D2D3132FB00BA242E /* CustomComponentView.swift */ = {isa = PBXFileReference; fileEncoding = 4; lastKnownFileType = sourcecode.swift; path = CustomComponentView.swift; sourceTree = "<group>"; };
		BAD4EC1F2D3132FB00BA242E /* CustomAttribute.swift */ = {isa = PBXFileReference; fileEncoding = 4; lastKnownFileType = sourcecode.swift; path = CustomAttribute.swift; sourceTree = "<group>"; };
		BAD4EC212D3132FB00BA242E /* CustomPopupView.swift */ = {isa = PBXFileReference; fileEncoding = 4; lastKnownFileType = sourcecode.swift; path = CustomPopupView.swift; sourceTree = "<group>"; };
		BAD4EC232D3132FB00BA242E /* DayInfoRow.swift */ = {isa = PBXFileReference; fileEncoding = 4; lastKnownFileType = sourcecode.swift; path = DayInfoRow.swift; sourceTree = "<group>"; };
		BAD4EC242D3132FB00BA242E /* DayList.swift */ = {isa = PBXFileReference; fileEncoding = 4; lastKnownFileType = sourcecode.swift; path = DayList.swift; sourceTree = "<group>"; };
		BAD4EC252D3132FB00BA242E /* DayListViewModel.swift */ = {isa = PBXFileReference; fileEncoding = 4; lastKnownFileType = sourcecode.swift; path = DayListViewModel.swift; sourceTree = "<group>"; };
		BAD4EC272D3132FB00BA242E /* DetailView.swift */ = {isa = PBXFileReference; fileEncoding = 4; lastKnownFileType = sourcecode.swift; path = DetailView.swift; sourceTree = "<group>"; };
		BAD4EC292D3132FB00BA242E /* CustomGestureView.swift */ = {isa = PBXFileReference; fileEncoding = 4; lastKnownFileType = sourcecode.swift; path = CustomGestureView.swift; sourceTree = "<group>"; };
		BAD4EC2B2D3132FB00BA242E /* GroceryListView.swift */ = {isa = PBXFileReference; fileEncoding = 4; lastKnownFileType = sourcecode.swift; path = GroceryListView.swift; sourceTree = "<group>"; };
		BAD4EC2D2D3132FB00BA242E /* MainView.swift */ = {isa = PBXFileReference; fileEncoding = 4; lastKnownFileType = sourcecode.swift; path = MainView.swift; sourceTree = "<group>"; };
		BAD4EC2E2D3132FB00BA242E /* MainViewVM.swift */ = {isa = PBXFileReference; fileEncoding = 4; lastKnownFileType = sourcecode.swift; path = MainViewVM.swift; sourceTree = "<group>"; };
		BAD4EC302D3132FB00BA242E /* ViewModelProtocol.swift */ = {isa = PBXFileReference; fileEncoding = 4; lastKnownFileType = sourcecode.swift; path = ViewModelProtocol.swift; sourceTree = "<group>"; };
		BAE0344E2D0C0F76008B7DD2 /* hybridFluttercardInSwift.app */ = {isa = PBXFileReference; explicitFileType = wrapper.application; includeInIndex = 0; path = hybridFluttercardInSwift.app; sourceTree = BUILT_PRODUCTS_DIR; };
		BAE034512D0C0F76008B7DD2 /* AppDelegate.swift */ = {isa = PBXFileReference; lastKnownFileType = sourcecode.swift; path = AppDelegate.swift; sourceTree = "<group>"; };
		BAE034532D0C0F76008B7DD2 /* SceneDelegate.swift */ = {isa = PBXFileReference; lastKnownFileType = sourcecode.swift; path = SceneDelegate.swift; sourceTree = "<group>"; };
		BAE034552D0C0F76008B7DD2 /* ViewController.swift */ = {isa = PBXFileReference; lastKnownFileType = sourcecode.swift; path = ViewController.swift; sourceTree = "<group>"; };
		BAE034582D0C0F77008B7DD2 /* Base */ = {isa = PBXFileReference; lastKnownFileType = file.storyboard; name = Base; path = Base.lproj/Main.storyboard; sourceTree = "<group>"; };
		BAE0345A2D0C0F78008B7DD2 /* Assets.xcassets */ = {isa = PBXFileReference; lastKnownFileType = folder.assetcatalog; path = Assets.xcassets; sourceTree = "<group>"; };
		BAE0345D2D0C0F78008B7DD2 /* Base */ = {isa = PBXFileReference; lastKnownFileType = file.storyboard; name = Base; path = Base.lproj/LaunchScreen.storyboard; sourceTree = "<group>"; };
		BAE0345F2D0C0F78008B7DD2 /* Info.plist */ = {isa = PBXFileReference; lastKnownFileType = text.plist.xml; path = Info.plist; sourceTree = "<group>"; };
		BAE034652D0C1015008B7DD2 /* SwitCardController.swift */ = {isa = PBXFileReference; lastKnownFileType = sourcecode.swift; path = SwitCardController.swift; sourceTree = "<group>"; };
		BAE034682D0C1513008B7DD2 /* App.xcframework */ = {isa = PBXFileReference; lastKnownFileType = wrapper.xcframework; name = App.xcframework; path = ../my_flutter_module/build/ios/framework/Debug/App.xcframework; sourceTree = "<group>"; };
		BAE034692D0C1513008B7DD2 /* Flutter.xcframework */ = {isa = PBXFileReference; expectedSignature = "AppleDeveloperProgram:S8QB4VV633:FLUTTER.IO LLC"; lastKnownFileType = wrapper.xcframework; name = Flutter.xcframework; path = ../my_flutter_module/build/ios/framework/Debug/Flutter.xcframework; sourceTree = "<group>"; };
		BAE0346F2D0C153A008B7DD2 /* FlutterManager.swift */ = {isa = PBXFileReference; lastKnownFileType = sourcecode.swift; path = FlutterManager.swift; sourceTree = "<group>"; };
		BAF102742D12AE5B00FDBC96 /* FlutterPluginRegistrant.xcframework */ = {isa = PBXFileReference; lastKnownFileType = wrapper.xcframework; name = FlutterPluginRegistrant.xcframework; path = ../my_flutter_module/build/ios/framework/Debug/FlutterPluginRegistrant.xcframework; sourceTree = "<group>"; };
		BAF1027F2D13076900FDBC96 /* vwo_insights_flutter_sdk.xcframework */ = {isa = PBXFileReference; lastKnownFileType = wrapper.xcframework; name = vwo_insights_flutter_sdk.xcframework; path = ../my_flutter_module/build/ios/framework/Debug/vwo_insights_flutter_sdk.xcframework; sourceTree = "<group>"; };
		BAF102A52D14625300FDBC96 /* App.xcframework */ = {isa = PBXFileReference; lastKnownFileType = wrapper.xcframework; name = App.xcframework; path = ../my_flutter_module/build/ios/framework/Release/App.xcframework; sourceTree = "<group>"; };
		BAF102A62D14625300FDBC96 /* Flutter.xcframework */ = {isa = PBXFileReference; expectedSignature = "AppleDeveloperProgram:S8QB4VV633:FLUTTER.IO LLC"; lastKnownFileType = wrapper.xcframework; name = Flutter.xcframework; path = ../my_flutter_module/build/ios/framework/Release/Flutter.xcframework; sourceTree = "<group>"; };
		BAF102A72D14625300FDBC96 /* FlutterPluginRegistrant.xcframework */ = {isa = PBXFileReference; lastKnownFileType = wrapper.xcframework; name = FlutterPluginRegistrant.xcframework; path = ../my_flutter_module/build/ios/framework/Release/FlutterPluginRegistrant.xcframework; sourceTree = "<group>"; };
		BAF102A82D14625300FDBC96 /* vwo_insights_flutter_sdk.xcframework */ = {isa = PBXFileReference; lastKnownFileType = wrapper.xcframework; name = vwo_insights_flutter_sdk.xcframework; path = ../my_flutter_module/build/ios/framework/Release/vwo_insights_flutter_sdk.xcframework; sourceTree = "<group>"; };
		BAF102B22D14629F00FDBC96 /* vwo_insights_ios_flutter_sdk.xcframework */ = {isa = PBXFileReference; lastKnownFileType = wrapper.xcframework; name = vwo_insights_ios_flutter_sdk.xcframework; path = ../../../../Desktop/vwo/vwo_insights_ios_flutter_sdk.xcframework; sourceTree = "<group>"; };
		CEA71D4B0F5A14ADCA4612FC /* Pods-hybridFluttercardInSwift.debug.xcconfig */ = {isa = PBXFileReference; includeInIndex = 1; lastKnownFileType = text.xcconfig; name = "Pods-hybridFluttercardInSwift.debug.xcconfig"; path = "Target Support Files/Pods-hybridFluttercardInSwift/Pods-hybridFluttercardInSwift.debug.xcconfig"; sourceTree = "<group>"; };
/* End PBXFileReference section */

/* Begin PBXFrameworksBuildPhase section */
		BAE0344B2D0C0F76008B7DD2 /* Frameworks */ = {
			isa = PBXFrameworksBuildPhase;
			buildActionMask = 2147483647;
			files = (
				B4AFB1FF8301E9F375BBFA9F /* Pods_hybridFluttercardInSwift.framework in Frameworks */,
			);
			runOnlyForDeploymentPostprocessing = 0;
		};
/* End PBXFrameworksBuildPhase section */

/* Begin PBXGroup section */
		68E592F81E1EA04184EDC91C /* Pods */ = {
			isa = PBXGroup;
			children = (
				CEA71D4B0F5A14ADCA4612FC /* Pods-hybridFluttercardInSwift.debug.xcconfig */,
				A93B7E4215F61C2238F3AB59 /* Pods-hybridFluttercardInSwift.release.xcconfig */,
			);
			path = Pods;
			sourceTree = "<group>";
		};
		BAD4EC182D3132AF00BA242E /* SwiftUIViews */ = {
			isa = PBXGroup;
			children = (
				BAD4EC1A2D3132FB00BA242E /* Network */,
				BAD4EC312D3132FB00BA242E /* Views */,
			);
			path = SwiftUIViews;
			sourceTree = "<group>";
		};
		BAD4EC1A2D3132FB00BA242E /* Network */ = {
			isa = PBXGroup;
			children = (
				BAD4EC192D3132FB00BA242E /* FetchData.swift */,
			);
			path = Network;
			sourceTree = "<group>";
		};
		BAD4EC1C2D3132FB00BA242E /* CrashANR */ = {
			isa = PBXGroup;
			children = (
				BAD4EC1B2D3132FB00BA242E /* CrashAnrView.swift */,
			);
			path = CrashANR;
			sourceTree = "<group>";
		};
		BAD4EC1E2D3132FB00BA242E /* CustomComponent */ = {
			isa = PBXGroup;
			children = (
				BAD4EC1D2D3132FB00BA242E /* CustomComponentView.swift */,
			);
			path = CustomComponent;
			sourceTree = "<group>";
		};
		BAD4EC202D3132FB00BA242E /* CustomEvents */ = {
			isa = PBXGroup;
			children = (
				BAD4EC1F2D3132FB00BA242E /* CustomAttribute.swift */,
			);
			path = CustomEvents;
			sourceTree = "<group>";
		};
		BAD4EC222D3132FB00BA242E /* CustomPopUp */ = {
			isa = PBXGroup;
			children = (
				BAD4EC212D3132FB00BA242E /* CustomPopupView.swift */,
			);
			path = CustomPopUp;
			sourceTree = "<group>";
		};
		BAD4EC262D3132FB00BA242E /* DayList */ = {
			isa = PBXGroup;
			children = (
				BAD4EC232D3132FB00BA242E /* DayInfoRow.swift */,
				BAD4EC242D3132FB00BA242E /* DayList.swift */,
				BAD4EC252D3132FB00BA242E /* DayListViewModel.swift */,
			);
			path = DayList;
			sourceTree = "<group>";
		};
		BAD4EC282D3132FB00BA242E /* Detail */ = {
			isa = PBXGroup;
			children = (
				BAD4EC272D3132FB00BA242E /* DetailView.swift */,
			);
			path = Detail;
			sourceTree = "<group>";
		};
		BAD4EC2A2D3132FB00BA242E /* gestureView */ = {
			isa = PBXGroup;
			children = (
				BAD4EC292D3132FB00BA242E /* CustomGestureView.swift */,
			);
			path = gestureView;
			sourceTree = "<group>";
		};
		BAD4EC2C2D3132FB00BA242E /* ListView */ = {
			isa = PBXGroup;
			children = (
				BAD4EC2B2D3132FB00BA242E /* GroceryListView.swift */,
			);
			path = ListView;
			sourceTree = "<group>";
		};
		BAD4EC2F2D3132FB00BA242E /* Main */ = {
			isa = PBXGroup;
			children = (
				BAD4EC2D2D3132FB00BA242E /* MainView.swift */,
				BAD4EC2E2D3132FB00BA242E /* MainViewVM.swift */,
			);
			path = Main;
			sourceTree = "<group>";
		};
		BAD4EC312D3132FB00BA242E /* Views */ = {
			isa = PBXGroup;
			children = (
				BAD4EC1C2D3132FB00BA242E /* CrashANR */,
				BAD4EC1E2D3132FB00BA242E /* CustomComponent */,
				BAD4EC202D3132FB00BA242E /* CustomEvents */,
				BAD4EC222D3132FB00BA242E /* CustomPopUp */,
				BAD4EC262D3132FB00BA242E /* DayList */,
				BAD4EC282D3132FB00BA242E /* Detail */,
				BAD4EC2A2D3132FB00BA242E /* gestureView */,
				BAD4EC2C2D3132FB00BA242E /* ListView */,
				BAD4EC2F2D3132FB00BA242E /* Main */,
				BAD4EC302D3132FB00BA242E /* ViewModelProtocol.swift */,
			);
			path = Views;
			sourceTree = "<group>";
		};
		BAE034452D0C0F76008B7DD2 = {
			isa = PBXGroup;
			children = (
				BAE034502D0C0F76008B7DD2 /* hybridFluttercardInSwift */,
				BAE0344F2D0C0F76008B7DD2 /* Products */,
				BAE034672D0C1512008B7DD2 /* Frameworks */,
				68E592F81E1EA04184EDC91C /* Pods */,
			);
			sourceTree = "<group>";
		};
		BAE0344F2D0C0F76008B7DD2 /* Products */ = {
			isa = PBXGroup;
			children = (
				BAE0344E2D0C0F76008B7DD2 /* hybridFluttercardInSwift.app */,
			);
			name = Products;
			sourceTree = "<group>";
		};
		BAE034502D0C0F76008B7DD2 /* hybridFluttercardInSwift */ = {
			isa = PBXGroup;
			children = (
				BAD4EC182D3132AF00BA242E /* SwiftUIViews */,
				BAE034512D0C0F76008B7DD2 /* AppDelegate.swift */,
				BAE034532D0C0F76008B7DD2 /* SceneDelegate.swift */,
				BAE034552D0C0F76008B7DD2 /* ViewController.swift */,
				BAE034652D0C1015008B7DD2 /* SwitCardController.swift */,
				BAE0346F2D0C153A008B7DD2 /* FlutterManager.swift */,
				BAE034572D0C0F77008B7DD2 /* Main.storyboard */,
				BAE0345A2D0C0F78008B7DD2 /* Assets.xcassets */,
				BAE0345C2D0C0F78008B7DD2 /* LaunchScreen.storyboard */,
				BAE0345F2D0C0F78008B7DD2 /* Info.plist */,
				BAD4EC162D31325F00BA242E /* SwiftuiShowcaseVC.swift */,
			);
			path = hybridFluttercardInSwift;
			sourceTree = "<group>";
		};
		BAE034672D0C1512008B7DD2 /* Frameworks */ = {
			isa = PBXGroup;
			children = (
				BAF102B22D14629F00FDBC96 /* vwo_insights_ios_flutter_sdk.xcframework */,
				BAF102A52D14625300FDBC96 /* App.xcframework */,
				BAF102A62D14625300FDBC96 /* Flutter.xcframework */,
				BAF102A72D14625300FDBC96 /* FlutterPluginRegistrant.xcframework */,
				BAF102A82D14625300FDBC96 /* vwo_insights_flutter_sdk.xcframework */,
				BAF1027F2D13076900FDBC96 /* vwo_insights_flutter_sdk.xcframework */,
				BAF102742D12AE5B00FDBC96 /* FlutterPluginRegistrant.xcframework */,
				BAE034682D0C1513008B7DD2 /* App.xcframework */,
				BAE034692D0C1513008B7DD2 /* Flutter.xcframework */,
				180714576A625778806EA08C /* Pods_hybridFluttercardInSwift.framework */,
			);
			name = Frameworks;
			sourceTree = "<group>";
		};
/* End PBXGroup section */

/* Begin PBXNativeTarget section */
		BAE0344D2D0C0F76008B7DD2 /* hybridFluttercardInSwift */ = {
			isa = PBXNativeTarget;
			buildConfigurationList = BAE034622D0C0F78008B7DD2 /* Build configuration list for PBXNativeTarget "hybridFluttercardInSwift" */;
			buildPhases = (
				0DF00F607154FE05A07DC920 /* [CP] Check Pods Manifest.lock */,
				B0300738D89F1752A0A6BE73 /* [CP-User] Run Flutter Build my_flutter_module Script */,
				BAE0344A2D0C0F76008B7DD2 /* Sources */,
				BAE0344B2D0C0F76008B7DD2 /* Frameworks */,
				BAE0344C2D0C0F76008B7DD2 /* Resources */,
				686960E9553CC3D879093468 /* [CP] Embed Pods Frameworks */,
				D50466ABCE3187775DB83F83 /* [CP-User] Embed Flutter Build my_flutter_module Script */,
			);
			buildRules = (
			);
			dependencies = (
			);
			name = hybridFluttercardInSwift;
			productName = hybridFluttercardInSwift;
			productReference = BAE0344E2D0C0F76008B7DD2 /* hybridFluttercardInSwift.app */;
			productType = "com.apple.product-type.application";
		};
/* End PBXNativeTarget section */

/* Begin PBXProject section */
		BAE034462D0C0F76008B7DD2 /* Project object */ = {
			isa = PBXProject;
			attributes = {
				BuildIndependentTargetsInParallel = 1;
				LastSwiftUpdateCheck = 1540;
				LastUpgradeCheck = 1540;
				TargetAttributes = {
					BAE0344D2D0C0F76008B7DD2 = {
						CreatedOnToolsVersion = 15.4;
					};
				};
			};
			buildConfigurationList = BAE034492D0C0F76008B7DD2 /* Build configuration list for PBXProject "hybridFluttercardInSwift" */;
			compatibilityVersion = "Xcode 14.0";
			developmentRegion = en;
			hasScannedForEncodings = 0;
			knownRegions = (
				en,
				Base,
			);
			mainGroup = BAE034452D0C0F76008B7DD2;
			productRefGroup = BAE0344F2D0C0F76008B7DD2 /* Products */;
			projectDirPath = "";
			projectRoot = "";
			targets = (
				BAE0344D2D0C0F76008B7DD2 /* hybridFluttercardInSwift */,
			);
		};
/* End PBXProject section */

/* Begin PBXResourcesBuildPhase section */
		BAE0344C2D0C0F76008B7DD2 /* Resources */ = {
			isa = PBXResourcesBuildPhase;
			buildActionMask = 2147483647;
			files = (
				BAE0345B2D0C0F78008B7DD2 /* Assets.xcassets in Resources */,
				BAE0345E2D0C0F78008B7DD2 /* Base in Resources */,
				BAE034592D0C0F77008B7DD2 /* Base in Resources */,
			);
			runOnlyForDeploymentPostprocessing = 0;
		};
/* End PBXResourcesBuildPhase section */

/* Begin PBXShellScriptBuildPhase section */
		0DF00F607154FE05A07DC920 /* [CP] Check Pods Manifest.lock */ = {
			isa = PBXShellScriptBuildPhase;
			buildActionMask = 2147483647;
			files = (
			);
			inputFileListPaths = (
			);
			inputPaths = (
				"${PODS_PODFILE_DIR_PATH}/Podfile.lock",
				"${PODS_ROOT}/Manifest.lock",
			);
			name = "[CP] Check Pods Manifest.lock";
			outputFileListPaths = (
			);
			outputPaths = (
				"$(DERIVED_FILE_DIR)/Pods-hybridFluttercardInSwift-checkManifestLockResult.txt",
			);
			runOnlyForDeploymentPostprocessing = 0;
			shellPath = /bin/sh;
			shellScript = "diff \"${PODS_PODFILE_DIR_PATH}/Podfile.lock\" \"${PODS_ROOT}/Manifest.lock\" > /dev/null\nif [ $? != 0 ] ; then\n    # print error to STDERR\n    echo \"error: The sandbox is not in sync with the Podfile.lock. Run 'pod install' or update your CocoaPods installation.\" >&2\n    exit 1\nfi\n# This output is used by Xcode 'outputs' to avoid re-running this script phase.\necho \"SUCCESS\" > \"${SCRIPT_OUTPUT_FILE_0}\"\n";
			showEnvVarsInLog = 0;
		};
		686960E9553CC3D879093468 /* [CP] Embed Pods Frameworks */ = {
			isa = PBXShellScriptBuildPhase;
			buildActionMask = 2147483647;
			files = (
			);
			inputFileListPaths = (
				"${PODS_ROOT}/Target Support Files/Pods-hybridFluttercardInSwift/Pods-hybridFluttercardInSwift-frameworks-${CONFIGURATION}-input-files.xcfilelist",
			);
			name = "[CP] Embed Pods Frameworks";
			outputFileListPaths = (
				"${PODS_ROOT}/Target Support Files/Pods-hybridFluttercardInSwift/Pods-hybridFluttercardInSwift-frameworks-${CONFIGURATION}-output-files.xcfilelist",
			);
			runOnlyForDeploymentPostprocessing = 0;
			shellPath = /bin/sh;
			shellScript = "\"${PODS_ROOT}/Target Support Files/Pods-hybridFluttercardInSwift/Pods-hybridFluttercardInSwift-frameworks.sh\"\n";
			showEnvVarsInLog = 0;
		};
		B0300738D89F1752A0A6BE73 /* [CP-User] Run Flutter Build my_flutter_module Script */ = {
			isa = PBXShellScriptBuildPhase;
			buildActionMask = 2147483647;
			files = (
			);
			name = "[CP-User] Run Flutter Build my_flutter_module Script";
			runOnlyForDeploymentPostprocessing = 0;
			shellPath = /bin/sh;
			shellScript = "set -e\nset -u\nsource \"${SRCROOT}/../my_flutter_module/.ios/Flutter/flutter_export_environment.sh\"\nexport VERBOSE_SCRIPT_LOGGING=1 && \"$FLUTTER_ROOT\"/packages/flutter_tools/bin/xcode_backend.sh build";
		};
		D50466ABCE3187775DB83F83 /* [CP-User] Embed Flutter Build my_flutter_module Script */ = {
			isa = PBXShellScriptBuildPhase;
			buildActionMask = 2147483647;
			files = (
			);
			name = "[CP-User] Embed Flutter Build my_flutter_module Script";
			runOnlyForDeploymentPostprocessing = 0;
			shellPath = /bin/sh;
			shellScript = "set -e\nset -u\nsource \"${SRCROOT}/../my_flutter_module/.ios/Flutter/flutter_export_environment.sh\"\nexport VERBOSE_SCRIPT_LOGGING=1 && \"$FLUTTER_ROOT\"/packages/flutter_tools/bin/xcode_backend.sh embed_and_thin";
		};
/* End PBXShellScriptBuildPhase section */

/* Begin PBXSourcesBuildPhase section */
		BAE0344A2D0C0F76008B7DD2 /* Sources */ = {
			isa = PBXSourcesBuildPhase;
			buildActionMask = 2147483647;
			files = (
				BAE034702D0C153A008B7DD2 /* FlutterManager.swift in Sources */,
				BAD4EC3D2D3132FB00BA242E /* MainView.swift in Sources */,
				BAD4EC3E2D3132FB00BA242E /* MainViewVM.swift in Sources */,
				BAD4EC372D3132FB00BA242E /* DayInfoRow.swift in Sources */,
				BAD4EC322D3132FB00BA242E /* FetchData.swift in Sources */,
				BAD4EC332D3132FB00BA242E /* CrashAnrView.swift in Sources */,
				BAD4EC352D3132FB00BA242E /* CustomAttribute.swift in Sources */,
				BAD4EC172D31325F00BA242E /* SwiftuiShowcaseVC.swift in Sources */,
				BAD4EC362D3132FB00BA242E /* CustomPopupView.swift in Sources */,
				BAD4EC3B2D3132FB00BA242E /* CustomGestureView.swift in Sources */,
				BAD4EC3C2D3132FB00BA242E /* GroceryListView.swift in Sources */,
				BAE034662D0C1015008B7DD2 /* SwitCardController.swift in Sources */,
				BAE034562D0C0F76008B7DD2 /* ViewController.swift in Sources */,
				BAE034522D0C0F76008B7DD2 /* AppDelegate.swift in Sources */,
				BAD4EC382D3132FB00BA242E /* DayList.swift in Sources */,
				BAE034542D0C0F76008B7DD2 /* SceneDelegate.swift in Sources */,
				BAD4EC3F2D3132FB00BA242E /* ViewModelProtocol.swift in Sources */,
				BAD4EC342D3132FB00BA242E /* CustomComponentView.swift in Sources */,
				BAD4EC3A2D3132FB00BA242E /* DetailView.swift in Sources */,
				BAD4EC392D3132FB00BA242E /* DayListViewModel.swift in Sources */,
			);
			runOnlyForDeploymentPostprocessing = 0;
		};
/* End PBXSourcesBuildPhase section */

/* Begin PBXVariantGroup section */
		BAE034572D0C0F77008B7DD2 /* Main.storyboard */ = {
			isa = PBXVariantGroup;
			children = (
				BAE034582D0C0F77008B7DD2 /* Base */,
			);
			name = Main.storyboard;
			sourceTree = "<group>";
		};
		BAE0345C2D0C0F78008B7DD2 /* LaunchScreen.storyboard */ = {
			isa = PBXVariantGroup;
			children = (
				BAE0345D2D0C0F78008B7DD2 /* Base */,
			);
			name = LaunchScreen.storyboard;
			sourceTree = "<group>";
		};
/* End PBXVariantGroup section */

/* Begin XCBuildConfiguration section */
		BAE034602D0C0F78008B7DD2 /* Debug */ = {
			isa = XCBuildConfiguration;
			buildSettings = {
				ALWAYS_SEARCH_USER_PATHS = NO;
				ASSETCATALOG_COMPILER_GENERATE_SWIFT_ASSET_SYMBOL_EXTENSIONS = YES;
				CLANG_ANALYZER_NONNULL = YES;
				CLANG_ANALYZER_NUMBER_OBJECT_CONVERSION = YES_AGGRESSIVE;
				CLANG_CXX_LANGUAGE_STANDARD = "gnu++20";
				CLANG_ENABLE_MODULES = YES;
				CLANG_ENABLE_OBJC_ARC = YES;
				CLANG_ENABLE_OBJC_WEAK = YES;
				CLANG_WARN_BLOCK_CAPTURE_AUTORELEASING = YES;
				CLANG_WARN_BOOL_CONVERSION = YES;
				CLANG_WARN_COMMA = YES;
				CLANG_WARN_CONSTANT_CONVERSION = YES;
				CLANG_WARN_DEPRECATED_OBJC_IMPLEMENTATIONS = YES;
				CLANG_WARN_DIRECT_OBJC_ISA_USAGE = YES_ERROR;
				CLANG_WARN_DOCUMENTATION_COMMENTS = YES;
				CLANG_WARN_EMPTY_BODY = YES;
				CLANG_WARN_ENUM_CONVERSION = YES;
				CLANG_WARN_INFINITE_RECURSION = YES;
				CLANG_WARN_INT_CONVERSION = YES;
				CLANG_WARN_NON_LITERAL_NULL_CONVERSION = YES;
				CLANG_WARN_OBJC_IMPLICIT_RETAIN_SELF = YES;
				CLANG_WARN_OBJC_LITERAL_CONVERSION = YES;
				CLANG_WARN_OBJC_ROOT_CLASS = YES_ERROR;
				CLANG_WARN_QUOTED_INCLUDE_IN_FRAMEWORK_HEADER = YES;
				CLANG_WARN_RANGE_LOOP_ANALYSIS = YES;
				CLANG_WARN_STRICT_PROTOTYPES = YES;
				CLANG_WARN_SUSPICIOUS_MOVE = YES;
				CLANG_WARN_UNGUARDED_AVAILABILITY = YES_AGGRESSIVE;
				CLANG_WARN_UNREACHABLE_CODE = YES;
				CLANG_WARN__DUPLICATE_METHOD_MATCH = YES;
				COPY_PHASE_STRIP = NO;
				DEBUG_INFORMATION_FORMAT = dwarf;
				ENABLE_STRICT_OBJC_MSGSEND = YES;
				ENABLE_TESTABILITY = YES;
				ENABLE_USER_SCRIPT_SANDBOXING = YES;
				GCC_C_LANGUAGE_STANDARD = gnu17;
				GCC_DYNAMIC_NO_PIC = NO;
				GCC_NO_COMMON_BLOCKS = YES;
				GCC_OPTIMIZATION_LEVEL = 0;
				GCC_PREPROCESSOR_DEFINITIONS = (
					"DEBUG=1",
					"$(inherited)",
				);
				GCC_WARN_64_TO_32_BIT_CONVERSION = YES;
				GCC_WARN_ABOUT_RETURN_TYPE = YES_ERROR;
				GCC_WARN_UNDECLARED_SELECTOR = YES;
				GCC_WARN_UNINITIALIZED_AUTOS = YES_AGGRESSIVE;
				GCC_WARN_UNUSED_FUNCTION = YES;
				GCC_WARN_UNUSED_VARIABLE = YES;
				IPHONEOS_DEPLOYMENT_TARGET = 17.5;
				LOCALIZATION_PREFERS_STRING_CATALOGS = YES;
				MTL_ENABLE_DEBUG_INFO = INCLUDE_SOURCE;
				MTL_FAST_MATH = YES;
				ONLY_ACTIVE_ARCH = YES;
				SDKROOT = iphoneos;
				SWIFT_ACTIVE_COMPILATION_CONDITIONS = "DEBUG $(inherited)";
				SWIFT_OPTIMIZATION_LEVEL = "-Onone";
			};
			name = Debug;
		};
		BAE034612D0C0F78008B7DD2 /* Release */ = {
			isa = XCBuildConfiguration;
			buildSettings = {
				ALWAYS_SEARCH_USER_PATHS = NO;
				ASSETCATALOG_COMPILER_GENERATE_SWIFT_ASSET_SYMBOL_EXTENSIONS = YES;
				CLANG_ANALYZER_NONNULL = YES;
				CLANG_ANALYZER_NUMBER_OBJECT_CONVERSION = YES_AGGRESSIVE;
				CLANG_CXX_LANGUAGE_STANDARD = "gnu++20";
				CLANG_ENABLE_MODULES = YES;
				CLANG_ENABLE_OBJC_ARC = YES;
				CLANG_ENABLE_OBJC_WEAK = YES;
				CLANG_WARN_BLOCK_CAPTURE_AUTORELEASING = YES;
				CLANG_WARN_BOOL_CONVERSION = YES;
				CLANG_WARN_COMMA = YES;
				CLANG_WARN_CONSTANT_CONVERSION = YES;
				CLANG_WARN_DEPRECATED_OBJC_IMPLEMENTATIONS = YES;
				CLANG_WARN_DIRECT_OBJC_ISA_USAGE = YES_ERROR;
				CLANG_WARN_DOCUMENTATION_COMMENTS = YES;
				CLANG_WARN_EMPTY_BODY = YES;
				CLANG_WARN_ENUM_CONVERSION = YES;
				CLANG_WARN_INFINITE_RECURSION = YES;
				CLANG_WARN_INT_CONVERSION = YES;
				CLANG_WARN_NON_LITERAL_NULL_CONVERSION = YES;
				CLANG_WARN_OBJC_IMPLICIT_RETAIN_SELF = YES;
				CLANG_WARN_OBJC_LITERAL_CONVERSION = YES;
				CLANG_WARN_OBJC_ROOT_CLASS = YES_ERROR;
				CLANG_WARN_QUOTED_INCLUDE_IN_FRAMEWORK_HEADER = YES;
				CLANG_WARN_RANGE_LOOP_ANALYSIS = YES;
				CLANG_WARN_STRICT_PROTOTYPES = YES;
				CLANG_WARN_SUSPICIOUS_MOVE = YES;
				CLANG_WARN_UNGUARDED_AVAILABILITY = YES_AGGRESSIVE;
				CLANG_WARN_UNREACHABLE_CODE = YES;
				CLANG_WARN__DUPLICATE_METHOD_MATCH = YES;
				COPY_PHASE_STRIP = NO;
				DEBUG_INFORMATION_FORMAT = "dwarf-with-dsym";
				ENABLE_NS_ASSERTIONS = NO;
				ENABLE_STRICT_OBJC_MSGSEND = YES;
				ENABLE_USER_SCRIPT_SANDBOXING = YES;
				GCC_C_LANGUAGE_STANDARD = gnu17;
				GCC_NO_COMMON_BLOCKS = YES;
				GCC_WARN_64_TO_32_BIT_CONVERSION = YES;
				GCC_WARN_ABOUT_RETURN_TYPE = YES_ERROR;
				GCC_WARN_UNDECLARED_SELECTOR = YES;
				GCC_WARN_UNINITIALIZED_AUTOS = YES_AGGRESSIVE;
				GCC_WARN_UNUSED_FUNCTION = YES;
				GCC_WARN_UNUSED_VARIABLE = YES;
				IPHONEOS_DEPLOYMENT_TARGET = 17.5;
				LOCALIZATION_PREFERS_STRING_CATALOGS = YES;
				MTL_ENABLE_DEBUG_INFO = NO;
				MTL_FAST_MATH = YES;
				SDKROOT = iphoneos;
				SWIFT_COMPILATION_MODE = wholemodule;
				VALIDATE_PRODUCT = YES;
			};
			name = Release;
		};
		BAE034632D0C0F78008B7DD2 /* Debug */ = {
			isa = XCBuildConfiguration;
			baseConfigurationReference = CEA71D4B0F5A14ADCA4612FC /* Pods-hybridFluttercardInSwift.debug.xcconfig */;
			buildSettings = {
				ASSETCATALOG_COMPILER_APPICON_NAME = AppIcon;
				ASSETCATALOG_COMPILER_GLOBAL_ACCENT_COLOR_NAME = AccentColor;
				CODE_SIGN_STYLE = Automatic;
				CURRENT_PROJECT_VERSION = 1;
				DEVELOPMENT_TEAM = UWL3SZ844S;
				ENABLE_USER_SCRIPT_SANDBOXING = NO;
				EXCLUDED_ARCHS = "";
				FRAMEWORK_SEARCH_PATHS = (
					/Users/parveshchauhan/Documents/mixproject/fluttercardinsideswift/my_flutter_module/build/ios/framework/Debug,
					/Users/parveshchauhan/Documents/mixproject/fluttercardinsideswift/my_flutter_module,
					"$(PROJECT_DIR)/../my_flutter_module/.ios/Flutter",
					/Users/parveshchauhan/Documents/mixproject/fluttercardinsideswift/my_flutter_module/.ios/Flutter,
					"$(PROJECT_DIR)/Frameworks",
					"$(PROJECT_DIR)/Pods",
					"$(inherited)",
				);
				GENERATE_INFOPLIST_FILE = YES;
				HEADER_SEARCH_PATHS = (
					"$(inherited)",
					/Users/parveshchauhan/Documents/mixproject/fluttercardinsideswift/my_flutter_module/.ios/Flutter,
					"$(PROJECT_DIR)/Pods",
				);
				INFOPLIST_FILE = hybridFluttercardInSwift/Info.plist;
				INFOPLIST_KEY_UIApplicationSupportsIndirectInputEvents = YES;
				INFOPLIST_KEY_UILaunchStoryboardName = LaunchScreen;
				INFOPLIST_KEY_UIMainStoryboardFile = Main;
				INFOPLIST_KEY_UISupportedInterfaceOrientations_iPad = "UIInterfaceOrientationPortrait UIInterfaceOrientationPortraitUpsideDown UIInterfaceOrientationLandscapeLeft UIInterfaceOrientationLandscapeRight";
				INFOPLIST_KEY_UISupportedInterfaceOrientations_iPhone = "UIInterfaceOrientationPortrait UIInterfaceOrientationLandscapeLeft UIInterfaceOrientationLandscapeRight";
				LD_RUNPATH_SEARCH_PATHS = (
					"$(inherited)",
					"@executable_path/Frameworks",
				);
				MARKETING_VERSION = 1.0;
				PRODUCT_BUNDLE_IDENTIFIER = com.mobile.VWO.Insights.Demo.hybridFluttercardInSwift;
				PRODUCT_NAME = "$(TARGET_NAME)";
				SWIFT_EMIT_LOC_STRINGS = YES;
				SWIFT_VERSION = 5.0;
				TARGETED_DEVICE_FAMILY = "1,2";
			};
			name = Debug;
		};
		BAE034642D0C0F78008B7DD2 /* Release */ = {
			isa = XCBuildConfiguration;
			baseConfigurationReference = A93B7E4215F61C2238F3AB59 /* Pods-hybridFluttercardInSwift.release.xcconfig */;
			buildSettings = {
				ASSETCATALOG_COMPILER_APPICON_NAME = AppIcon;
				ASSETCATALOG_COMPILER_GLOBAL_ACCENT_COLOR_NAME = AccentColor;
				CODE_SIGN_STYLE = Automatic;
				CURRENT_PROJECT_VERSION = 1;
				DEVELOPMENT_TEAM = UWL3SZ844S;
				ENABLE_USER_SCRIPT_SANDBOXING = NO;
				EXCLUDED_ARCHS = "";
				FRAMEWORK_SEARCH_PATHS = "$(inherited)";
				GENERATE_INFOPLIST_FILE = YES;
				INFOPLIST_FILE = hybridFluttercardInSwift/Info.plist;
				INFOPLIST_KEY_UIApplicationSupportsIndirectInputEvents = YES;
				INFOPLIST_KEY_UILaunchStoryboardName = LaunchScreen;
				INFOPLIST_KEY_UIMainStoryboardFile = Main;
				INFOPLIST_KEY_UISupportedInterfaceOrientations_iPad = "UIInterfaceOrientationPortrait UIInterfaceOrientationPortraitUpsideDown UIInterfaceOrientationLandscapeLeft UIInterfaceOrientationLandscapeRight";
				INFOPLIST_KEY_UISupportedInterfaceOrientations_iPhone = "UIInterfaceOrientationPortrait UIInterfaceOrientationLandscapeLeft UIInterfaceOrientationLandscapeRight";
				LD_RUNPATH_SEARCH_PATHS = (
					"$(inherited)",
					"@executable_path/Frameworks",
				);
				MARKETING_VERSION = 1.0;
				PRODUCT_BUNDLE_IDENTIFIER = com.mobile.VWO.Insights.Demo.hybridFluttercardInSwift;
				PRODUCT_NAME = "$(TARGET_NAME)";
				SWIFT_EMIT_LOC_STRINGS = YES;
				SWIFT_VERSION = 5.0;
				TARGETED_DEVICE_FAMILY = "1,2";
			};
			name = Release;
		};
/* End XCBuildConfiguration section */

/* Begin XCConfigurationList section */
		BAE034492D0C0F76008B7DD2 /* Build configuration list for PBXProject "hybridFluttercardInSwift" */ = {
			isa = XCConfigurationList;
			buildConfigurations = (
				BAE034602D0C0F78008B7DD2 /* Debug */,
				BAE034612D0C0F78008B7DD2 /* Release */,
			);
			defaultConfigurationIsVisible = 0;
			defaultConfigurationName = Release;
		};
		BAE034622D0C0F78008B7DD2 /* Build configuration list for PBXNativeTarget "hybridFluttercardInSwift" */ = {
			isa = XCConfigurationList;
			buildConfigurations = (
				BAE034632D0C0F78008B7DD2 /* Debug */,
				BAE034642D0C0F78008B7DD2 /* Release */,
			);
			defaultConfigurationIsVisible = 0;
			defaultConfigurationName = Release;
		};
/* End XCConfigurationList section */
	};
	rootObject = BAE034462D0C0F76008B7DD2 /* Project object */;
}
