PODS:
  - Flutter (1.0.0)
  - FlutterPluginRegistrant (0.0.1):
    - Flutter
    - vwo_insights_flutter_sdk
  - Google-Mobile-Ads-SDK (12.4.0):
    - GoogleUserMessagingPlatform (>= 1.1)
  - GoogleUserMessagingPlatform (3.0.0)
  - vwo-insights-ios-flutter-sdk (0.0.4)
  - vwo_insights_flutter_sdk (0.0.2):
    - Flutter
    - vwo-insights-ios-flutter-sdk

DEPENDENCIES:
  - Flutter (from `../my_flutter_module/.ios/Flutter`)
  - FlutterPluginRegistrant (from `../my_flutter_module/.ios/Flutter/FlutterPluginRegistrant`)
  - Google-Mobile-Ads-SDK
  - vwo-insights-ios-flutter-sdk (from `/Users/parveshchauhan/Desktop/vwo`)
  - vwo_insights_flutter_sdk (from `../my_flutter_module/.ios/.symlinks/plugins/vwo_insights_flutter_sdk/ios`)

SPEC REPOS:
  trunk:
    - Google-Mobile-Ads-SDK
    - GoogleUserMessagingPlatform

EXTERNAL SOURCES:
  Flutter:
    :path: "../my_flutter_module/.ios/Flutter"
  FlutterPluginRegistrant:
    :path: "../my_flutter_module/.ios/Flutter/FlutterPluginRegistrant"
  vwo-insights-ios-flutter-sdk:
    :path: "/Users/parveshchauhan/Desktop/vwo"
  vwo_insights_flutter_sdk:
    :path: "../my_flutter_module/.ios/.symlinks/plugins/vwo_insights_flutter_sdk/ios"

SPEC CHECKSUMS:
  Flutter: e0871f40cf51350855a761d2e70bf5af5b9b5de7
  FlutterPluginRegistrant: 4edd24c814eb6c066959c49b4067da3af945ae70
  Google-Mobile-Ads-SDK: db00a3836f288f94e52114f312b56fe066699d82
  GoogleUserMessagingPlatform: f8d0cdad3ca835406755d0a69aa634f00e76d576
  vwo-insights-ios-flutter-sdk: 78c38eb6c5aa32afef074431eb0739022cb0a304
  vwo_insights_flutter_sdk: 26f98ba24ed97b6cdfc1286a52d60ee9d5dbad5c

PODFILE CHECKSUM: c8d2a94b7e49dc3f4d54948963a77755b8e54411

COCOAPODS: 1.16.2
